
Microsoft Visual Studio Solution File, Format Version 12.00
# Visual Studio 2013
VisualStudioVersion = 12.0.21005.1
MinimumVisualStudioVersion = 10.0.40219.1
Project("{FAE04EC0-301F-11D3-BF4B-00C04F79EFBC}") = "Quiron.LojaVirtual.Dominio", "Quiron.LojaVirtual.Dominio\Quiron.LojaVirtual.Dominio.csproj", "{8336CB42-134C-45BB-B05A-081111678374}"
EndProject
Project("{FAE04EC0-301F-11D3-BF4B-00C04F79EFBC}") = "Quiron.LojaVirtual.Web", "Quiron.LojaVirtual.Web\Quiron.LojaVirtual.Web.csproj", "{B134646D-2FE3-4713-A83F-DB7D5D02ED78}"
EndProject
Project("{FAE04EC0-301F-11D3-BF4B-00C04F79EFBC}") = "Quiron.LojaVirtual.UnitTest", "Quiron.LojaVirtual.UnitTest\Quiron.LojaVirtual.UnitTest.csproj", "{8CCC4E9E-367C-4CCF-8E8B-9177776C0393}"
EndProject
Global
	GlobalSection(SolutionConfigurationPlatforms) = preSolution
		Debug|Any CPU = Debug|Any CPU
		Release|Any CPU = Release|Any CPU
	EndGlobalSection
	GlobalSection(ProjectConfigurationPlatforms) = postSolution
		{8336CB42-134C-45BB-B05A-081111678374}.Debug|Any CPU.ActiveCfg = Debug|Any CPU
		{8336CB42-134C-45BB-B05A-081111678374}.Debug|Any CPU.Build.0 = Debug|Any CPU
		{8336CB42-134C-45BB-B05A-081111678374}.Release|Any CPU.ActiveCfg = Release|Any CPU
		{8336CB42-134C-45BB-B05A-081111678374}.Release|Any CPU.Build.0 = Release|Any CPU
		{B134646D-2FE3-4713-A83F-DB7D5D02ED78}.Debug|Any CPU.ActiveCfg = Debug|Any CPU
		{B134646D-2FE3-4713-A83F-DB7D5D02ED78}.Debug|Any CPU.Build.0 = Debug|Any CPU
		{B134646D-2FE3-4713-A83F-DB7D5D02ED78}.Release|Any CPU.ActiveCfg = Release|Any CPU
		{B134646D-2FE3-4713-A83F-DB7D5D02ED78}.Release|Any CPU.Build.0 = Release|Any CPU
		{8CCC4E9E-367C-4CCF-8E8B-9177776C0393}.Debug|Any CPU.ActiveCfg = Debug|Any CPU
		{8CCC4E9E-367C-4CCF-8E8B-9177776C0393}.Debug|Any CPU.Build.0 = Debug|Any CPU
		{8CCC4E9E-367C-4CCF-8E8B-9177776C0393}.Release|Any CPU.ActiveCfg = Release|Any CPU
		{8CCC4E9E-367C-4CCF-8E8B-9177776C0393}.Release|Any CPU.Build.0 = Release|Any CPU
	EndGlobalSection
	GlobalSection(SolutionProperties) = preSolution
		HideSolutionNode = FALSE
	EndGlobalSection
EndGlobal
